// !$*UTF8*$!
{
	archiveVersion = 1;
	classes = {
	};
	objectVersion = 56;
	objects = {

/* Begin PBXBuildFile section */
		BA02C6E72B13312500E11F43 /* AppDelegate.swift in Sources */ = {isa = PBXBuildFile; fileRef = BA02C6E62B13312500E11F43 /* AppDelegate.swift */; };
		BA02C6E92B13312500E11F43 /* SceneDelegate.swift in Sources */ = {isa = PBXBuildFile; fileRef = BA02C6E82B13312500E11F43 /* SceneDelegate.swift */; };
		BA02C6F02B13312600E11F43 /* Assets.xcassets in Resources */ = {isa = PBXBuildFile; fileRef = BA02C6EF2B13312600E11F43 /* Assets.xcassets */; };
		BA02C6F32B13312600E11F43 /* LaunchScreen.storyboard in Resources */ = {isa = PBXBuildFile; fileRef = BA02C6F12B13312600E11F43 /* LaunchScreen.storyboard */; };
		BA0D9F102B1791FF008EB45D /* GFEmptyStateView.swift in Sources */ = {isa = PBXBuildFile; fileRef = BA0D9F0F2B1791FF008EB45D /* GFEmptyStateView.swift */; };
		BA1A370B2B163CA2008A1E21 /* GFError.swift in Sources */ = {isa = PBXBuildFile; fileRef = BA1A370A2B163CA2008A1E21 /* GFError.swift */; };
		BA1A370E2B164573008A1E21 /* FollowerCell.swift in Sources */ = {isa = PBXBuildFile; fileRef = BA1A370D2B164573008A1E21 /* FollowerCell.swift */; };
		BA1A37102B1645E6008A1E21 /* GFAvatarImageView.swift in Sources */ = {isa = PBXBuildFile; fileRef = BA1A370F2B1645E6008A1E21 /* GFAvatarImageView.swift */; };
		BA74F4132B16F60400B8290E /* UIHelper.swift in Sources */ = {isa = PBXBuildFile; fileRef = BA74F4122B16F60400B8290E /* UIHelper.swift */; };
		BABC97E32B1552EF00607B8B /* GFButton.swift in Sources */ = {isa = PBXBuildFile; fileRef = BABC97E22B1552EF00607B8B /* GFButton.swift */; };
		BABC97E52B155B1C00607B8B /* GFTextField.swift in Sources */ = {isa = PBXBuildFile; fileRef = BABC97E42B155B1C00607B8B /* GFTextField.swift */; };
		BABC97E72B15691F00607B8B /* FollowerListVC.swift in Sources */ = {isa = PBXBuildFile; fileRef = BABC97E62B15691F00607B8B /* FollowerListVC.swift */; };
		BABC97E92B156CED00607B8B /* String+Ext.swift in Sources */ = {isa = PBXBuildFile; fileRef = BABC97E82B156CED00607B8B /* String+Ext.swift */; };
		BABC97EB2B156DFA00607B8B /* GFTitleLabel.swift in Sources */ = {isa = PBXBuildFile; fileRef = BABC97EA2B156DFA00607B8B /* GFTitleLabel.swift */; };
		BABC97ED2B156F4D00607B8B /* GFBodyLabel.swift in Sources */ = {isa = PBXBuildFile; fileRef = BABC97EC2B156F4D00607B8B /* GFBodyLabel.swift */; };
		BABC97EF2B15700B00607B8B /* GFAlertVC.swift in Sources */ = {isa = PBXBuildFile; fileRef = BABC97EE2B15700B00607B8B /* GFAlertVC.swift */; };
		BABC97F12B15758400607B8B /* UIViewController+Ext.swift in Sources */ = {isa = PBXBuildFile; fileRef = BABC97F02B15758400607B8B /* UIViewController+Ext.swift */; };
		BABC97F82B159E2800607B8B /* Follower.swift in Sources */ = {isa = PBXBuildFile; fileRef = BABC97F72B159E2800607B8B /* Follower.swift */; };
		BABC97FA2B159F5600607B8B /* User.swift in Sources */ = {isa = PBXBuildFile; fileRef = BABC97F92B159F5600607B8B /* User.swift */; };
		BABC97FD2B15A41E00607B8B /* NetworkManager.swift in Sources */ = {isa = PBXBuildFile; fileRef = BABC97FC2B15A41E00607B8B /* NetworkManager.swift */; };
		BADB2FE42B133694008F3D35 /* SearchVC.swift in Sources */ = {isa = PBXBuildFile; fileRef = BADB2FE32B133694008F3D35 /* SearchVC.swift */; };
		BADB2FE62B1336BB008F3D35 /* FavoritesListVC.swift in Sources */ = {isa = PBXBuildFile; fileRef = BADB2FE52B1336BB008F3D35 /* FavoritesListVC.swift */; };
/* End PBXBuildFile section */

/* Begin PBXFileReference section */
		BA02C6E32B13312500E11F43 /* GHFollowers.app */ = {isa = PBXFileReference; explicitFileType = wrapper.application; includeInIndex = 0; path = GHFollowers.app; sourceTree = BUILT_PRODUCTS_DIR; };
		BA02C6E62B13312500E11F43 /* AppDelegate.swift */ = {isa = PBXFileReference; lastKnownFileType = sourcecode.swift; path = AppDelegate.swift; sourceTree = "<group>"; };
		BA02C6E82B13312500E11F43 /* SceneDelegate.swift */ = {isa = PBXFileReference; lastKnownFileType = sourcecode.swift; path = SceneDelegate.swift; sourceTree = "<group>"; };
		BA02C6EF2B13312600E11F43 /* Assets.xcassets */ = {isa = PBXFileReference; lastKnownFileType = folder.assetcatalog; path = Assets.xcassets; sourceTree = "<group>"; };
		BA02C6F22B13312600E11F43 /* Base */ = {isa = PBXFileReference; lastKnownFileType = file.storyboard; name = Base; path = Base.lproj/LaunchScreen.storyboard; sourceTree = "<group>"; };
		BA02C6F42B13312600E11F43 /* Info.plist */ = {isa = PBXFileReference; lastKnownFileType = text.plist.xml; path = Info.plist; sourceTree = "<group>"; };
		BA0D9F0F2B1791FF008EB45D /* GFEmptyStateView.swift */ = {isa = PBXFileReference; lastKnownFileType = sourcecode.swift; path = GFEmptyStateView.swift; sourceTree = "<group>"; };
		BA1A370A2B163CA2008A1E21 /* GFError.swift */ = {isa = PBXFileReference; lastKnownFileType = sourcecode.swift; path = GFError.swift; sourceTree = "<group>"; };
		BA1A370D2B164573008A1E21 /* FollowerCell.swift */ = {isa = PBXFileReference; lastKnownFileType = sourcecode.swift; path = FollowerCell.swift; sourceTree = "<group>"; };
		BA1A370F2B1645E6008A1E21 /* GFAvatarImageView.swift */ = {isa = PBXFileReference; lastKnownFileType = sourcecode.swift; path = GFAvatarImageView.swift; sourceTree = "<group>"; };
		BA74F4122B16F60400B8290E /* UIHelper.swift */ = {isa = PBXFileReference; lastKnownFileType = sourcecode.swift; path = UIHelper.swift; sourceTree = "<group>"; };
		BABC97E22B1552EF00607B8B /* GFButton.swift */ = {isa = PBXFileReference; lastKnownFileType = sourcecode.swift; path = GFButton.swift; sourceTree = "<group>"; };
		BABC97E42B155B1C00607B8B /* GFTextField.swift */ = {isa = PBXFileReference; lastKnownFileType = sourcecode.swift; path = GFTextField.swift; sourceTree = "<group>"; };
		BABC97E62B15691F00607B8B /* FollowerListVC.swift */ = {isa = PBXFileReference; lastKnownFileType = sourcecode.swift; path = FollowerListVC.swift; sourceTree = "<group>"; };
		BABC97E82B156CED00607B8B /* String+Ext.swift */ = {isa = PBXFileReference; lastKnownFileType = sourcecode.swift; path = "String+Ext.swift"; sourceTree = "<group>"; };
		BABC97EA2B156DFA00607B8B /* GFTitleLabel.swift */ = {isa = PBXFileReference; lastKnownFileType = sourcecode.swift; path = GFTitleLabel.swift; sourceTree = "<group>"; };
		BABC97EC2B156F4D00607B8B /* GFBodyLabel.swift */ = {isa = PBXFileReference; lastKnownFileType = sourcecode.swift; path = GFBodyLabel.swift; sourceTree = "<group>"; };
		BABC97EE2B15700B00607B8B /* GFAlertVC.swift */ = {isa = PBXFileReference; lastKnownFileType = sourcecode.swift; path = GFAlertVC.swift; sourceTree = "<group>"; };
		BABC97F02B15758400607B8B /* UIViewController+Ext.swift */ = {isa = PBXFileReference; lastKnownFileType = sourcecode.swift; path = "UIViewController+Ext.swift"; sourceTree = "<group>"; };
		BABC97F72B159E2800607B8B /* Follower.swift */ = {isa = PBXFileReference; lastKnownFileType = sourcecode.swift; path = Follower.swift; sourceTree = "<group>"; };
		BABC97F92B159F5600607B8B /* User.swift */ = {isa = PBXFileReference; lastKnownFileType = sourcecode.swift; path = User.swift; sourceTree = "<group>"; };
		BABC97FC2B15A41E00607B8B /* NetworkManager.swift */ = {isa = PBXFileReference; lastKnownFileType = sourcecode.swift; path = NetworkManager.swift; sourceTree = "<group>"; };
		BADB2FE32B133694008F3D35 /* SearchVC.swift */ = {isa = PBXFileReference; lastKnownFileType = sourcecode.swift; path = SearchVC.swift; sourceTree = "<group>"; };
		BADB2FE52B1336BB008F3D35 /* FavoritesListVC.swift */ = {isa = PBXFileReference; lastKnownFileType = sourcecode.swift; path = FavoritesListVC.swift; sourceTree = "<group>"; };
/* End PBXFileReference section */

/* Begin PBXFrameworksBuildPhase section */
		BA02C6E02B13312500E11F43 /* Frameworks */ = {
			isa = PBXFrameworksBuildPhase;
			buildActionMask = 2147483647;
			files = (
			);
			runOnlyForDeploymentPostprocessing = 0;
		};
/* End PBXFrameworksBuildPhase section */

/* Begin PBXGroup section */
		BA02C6DA2B13312500E11F43 = {
			isa = PBXGroup;
			children = (
				BA02C6E52B13312500E11F43 /* GHFollowers */,
				BA02C6E42B13312500E11F43 /* Products */,
			);
			sourceTree = "<group>";
		};
		BA02C6E42B13312500E11F43 /* Products */ = {
			isa = PBXGroup;
			children = (
				BA02C6E32B13312500E11F43 /* GHFollowers.app */,
			);
			name = Products;
			sourceTree = "<group>";
		};
		BA02C6E52B13312500E11F43 /* GHFollowers */ = {
			isa = PBXGroup;
			children = (
				BA1A37092B163C90008A1E21 /* Utilities */,
				BABC97FB2B15A40D00607B8B /* Managers */,
				BABC97F62B159E1600607B8B /* Model */,
				BABC97F52B15795100607B8B /* Support */,
				BABC97F42B1578EC00607B8B /* Extensions */,
				BABC97F32B1578A700607B8B /* Custom Views */,
				BA02C6F42B13312600E11F43 /* Info.plist */,
			);
			path = GHFollowers;
			sourceTree = "<group>";
		};
		BA0D9F092B1791B1008EB45D /* Views */ = {
			isa = PBXGroup;
			children = (
				BA0D9F0F2B1791FF008EB45D /* GFEmptyStateView.swift */,
			);
			path = Views;
			sourceTree = "<group>";
		};
		BA0D9F0A2B1791B9008EB45D /* Buttons */ = {
			isa = PBXGroup;
			children = (
				BABC97E22B1552EF00607B8B /* GFButton.swift */,
			);
			path = Buttons;
			sourceTree = "<group>";
		};
		BA0D9F0B2B1791BF008EB45D /* TextFields */ = {
			isa = PBXGroup;
			children = (
				BABC97E42B155B1C00607B8B /* GFTextField.swift */,
			);
			path = TextFields;
			sourceTree = "<group>";
		};
		BA0D9F0C2B1791C6008EB45D /* ImageViews */ = {
			isa = PBXGroup;
			children = (
			);
			path = ImageViews;
			sourceTree = "<group>";
		};
		BA0D9F0D2B1791CB008EB45D /* ViewControllers */ = {
			isa = PBXGroup;
			children = (
				BABC97EE2B15700B00607B8B /* GFAlertVC.swift */,
			);
			path = ViewControllers;
			sourceTree = "<group>";
		};
		BA0D9F0E2B1791DF008EB45D /* Labels */ = {
			isa = PBXGroup;
			children = (
				BABC97EC2B156F4D00607B8B /* GFBodyLabel.swift */,
				BABC97EA2B156DFA00607B8B /* GFTitleLabel.swift */,
			);
			path = Labels;
			sourceTree = "<group>";
		};
		BA1A37092B163C90008A1E21 /* Utilities */ = {
			isa = PBXGroup;
			children = (
				BA1A370A2B163CA2008A1E21 /* GFError.swift */,
				BA74F4122B16F60400B8290E /* UIHelper.swift */,
			);
			path = Utilities;
			sourceTree = "<group>";
		};
		BA1A370C2B164556008A1E21 /* Cells */ = {
			isa = PBXGroup;
			children = (
				BA1A370D2B164573008A1E21 /* FollowerCell.swift */,
			);
			path = Cells;
			sourceTree = "<group>";
		};
		BABC97F22B15786E00607B8B /* Screens */ = {
			isa = PBXGroup;
			children = (
				BADB2FE32B133694008F3D35 /* SearchVC.swift */,
				BADB2FE52B1336BB008F3D35 /* FavoritesListVC.swift */,
				BABC97E62B15691F00607B8B /* FollowerListVC.swift */,
			);
			path = Screens;
			sourceTree = "<group>";
		};
		BABC97F32B1578A700607B8B /* Custom Views */ = {
			isa = PBXGroup;
			children = (
				BA0D9F0E2B1791DF008EB45D /* Labels */,
				BA0D9F0D2B1791CB008EB45D /* ViewControllers */,
				BA0D9F0C2B1791C6008EB45D /* ImageViews */,
				BA0D9F0B2B1791BF008EB45D /* TextFields */,
				BA0D9F0A2B1791B9008EB45D /* Buttons */,
				BA0D9F092B1791B1008EB45D /* Views */,
				BA1A370C2B164556008A1E21 /* Cells */,
				BABC97F22B15786E00607B8B /* Screens */,
				BA1A370F2B1645E6008A1E21 /* GFAvatarImageView.swift */,
			);
			path = "Custom Views";
			sourceTree = "<group>";
		};
		BABC97F42B1578EC00607B8B /* Extensions */ = {
			isa = PBXGroup;
			children = (
				BABC97E82B156CED00607B8B /* String+Ext.swift */,
				BABC97F02B15758400607B8B /* UIViewController+Ext.swift */,
			);
			path = Extensions;
			sourceTree = "<group>";
		};
		BABC97F52B15795100607B8B /* Support */ = {
			isa = PBXGroup;
			children = (
				BA02C6EF2B13312600E11F43 /* Assets.xcassets */,
				BA02C6F12B13312600E11F43 /* LaunchScreen.storyboard */,
				BA02C6E62B13312500E11F43 /* AppDelegate.swift */,
				BA02C6E82B13312500E11F43 /* SceneDelegate.swift */,
			);
			path = Support;
			sourceTree = "<group>";
		};
		BABC97F62B159E1600607B8B /* Model */ = {
			isa = PBXGroup;
			children = (
				BABC97F72B159E2800607B8B /* Follower.swift */,
				BABC97F92B159F5600607B8B /* User.swift */,
			);
			path = Model;
			sourceTree = "<group>";
		};
		BABC97FB2B15A40D00607B8B /* Managers */ = {
			isa = PBXGroup;
			children = (
				BABC97FC2B15A41E00607B8B /* NetworkManager.swift */,
			);
			path = Managers;
			sourceTree = "<group>";
		};
/* End PBXGroup section */

/* Begin PBXNativeTarget section */
		BA02C6E22B13312500E11F43 /* GHFollowers */ = {
			isa = PBXNativeTarget;
			buildConfigurationList = BA02C6F72B13312600E11F43 /* Build configuration list for PBXNativeTarget "GHFollowers" */;
			buildPhases = (
				BA02C6DF2B13312500E11F43 /* Sources */,
				BA02C6E02B13312500E11F43 /* Frameworks */,
				BA02C6E12B13312500E11F43 /* Resources */,
			);
			buildRules = (
			);
			dependencies = (
			);
			name = GHFollowers;
			productName = GHFollowers;
			productReference = BA02C6E32B13312500E11F43 /* GHFollowers.app */;
			productType = "com.apple.product-type.application";
		};
/* End PBXNativeTarget section */

/* Begin PBXProject section */
		BA02C6DB2B13312500E11F43 /* Project object */ = {
			isa = PBXProject;
			attributes = {
				BuildIndependentTargetsInParallel = 1;
				LastSwiftUpdateCheck = 1500;
				LastUpgradeCheck = 1500;
				TargetAttributes = {
					BA02C6E22B13312500E11F43 = {
						CreatedOnToolsVersion = 15.0.1;
					};
				};
			};
			buildConfigurationList = BA02C6DE2B13312500E11F43 /* Build configuration list for PBXProject "GHFollowers" */;
			compatibilityVersion = "Xcode 14.0";
			developmentRegion = en;
			hasScannedForEncodings = 0;
			knownRegions = (
				en,
				Base,
			);
			mainGroup = BA02C6DA2B13312500E11F43;
			productRefGroup = BA02C6E42B13312500E11F43 /* Products */;
			projectDirPath = "";
			projectRoot = "";
			targets = (
				BA02C6E22B13312500E11F43 /* GHFollowers */,
			);
		};
/* End PBXProject section */

/* Begin PBXResourcesBuildPhase section */
		BA02C6E12B13312500E11F43 /* Resources */ = {
			isa = PBXResourcesBuildPhase;
			buildActionMask = 2147483647;
			files = (
				BA02C6F32B13312600E11F43 /* LaunchScreen.storyboard in Resources */,
				BA02C6F02B13312600E11F43 /* Assets.xcassets in Resources */,
			);
			runOnlyForDeploymentPostprocessing = 0;
		};
/* End PBXResourcesBuildPhase section */

/* Begin PBXSourcesBuildPhase section */
		BA02C6DF2B13312500E11F43 /* Sources */ = {
			isa = PBXSourcesBuildPhase;
			buildActionMask = 2147483647;
			files = (
				BABC97E52B155B1C00607B8B /* GFTextField.swift in Sources */,
				BADB2FE62B1336BB008F3D35 /* FavoritesListVC.swift in Sources */,
				BABC97F12B15758400607B8B /* UIViewController+Ext.swift in Sources */,
				BABC97E32B1552EF00607B8B /* GFButton.swift in Sources */,
				BADB2FE42B133694008F3D35 /* SearchVC.swift in Sources */,
				BA0D9F102B1791FF008EB45D /* GFEmptyStateView.swift in Sources */,
				BABC97E72B15691F00607B8B /* FollowerListVC.swift in Sources */,
				BABC97FA2B159F5600607B8B /* User.swift in Sources */,
				BA1A370E2B164573008A1E21 /* FollowerCell.swift in Sources */,
				BA1A37102B1645E6008A1E21 /* GFAvatarImageView.swift in Sources */,
				BABC97EF2B15700B00607B8B /* GFAlertVC.swift in Sources */,
				BABC97F82B159E2800607B8B /* Follower.swift in Sources */,
				BA02C6E72B13312500E11F43 /* AppDelegate.swift in Sources */,
				BABC97EB2B156DFA00607B8B /* GFTitleLabel.swift in Sources */,
				BABC97E92B156CED00607B8B /* String+Ext.swift in Sources */,
				BA1A370B2B163CA2008A1E21 /* GFError.swift in Sources */,
				BA74F4132B16F60400B8290E /* UIHelper.swift in Sources */,
				BABC97FD2B15A41E00607B8B /* NetworkManager.swift in Sources */,
				BA02C6E92B13312500E11F43 /* SceneDelegate.swift in Sources */,
				BABC97ED2B156F4D00607B8B /* GFBodyLabel.swift in Sources */,
			);
			runOnlyForDeploymentPostprocessing = 0;
		};
/* End PBXSourcesBuildPhase section */

/* Begin PBXVariantGroup section */
		BA02C6F12B13312600E11F43 /* LaunchScreen.storyboard */ = {
			isa = PBXVariantGroup;
			children = (
				BA02C6F22B13312600E11F43 /* Base */,
			);
			name = LaunchScreen.storyboard;
			sourceTree = "<group>";
		};
/* End PBXVariantGroup section */

/* Begin XCBuildConfiguration section */
		BA02C6F52B13312600E11F43 /* Debug */ = {
			isa = XCBuildConfiguration;
			buildSettings = {
				ALWAYS_SEARCH_USER_PATHS = NO;
				ASSETCATALOG_COMPILER_GENERATE_SWIFT_ASSET_SYMBOL_EXTENSIONS = YES;
				CLANG_ANALYZER_NONNULL = YES;
				CLANG_ANALYZER_NUMBER_OBJECT_CONVERSION = YES_AGGRESSIVE;
				CLANG_CXX_LANGUAGE_STANDARD = "gnu++20";
				CLANG_ENABLE_MODULES = YES;
				CLANG_ENABLE_OBJC_ARC = YES;
				CLANG_ENABLE_OBJC_WEAK = YES;
				CLANG_WARN_BLOCK_CAPTURE_AUTORELEASING = YES;
				CLANG_WARN_BOOL_CONVERSION = YES;
				CLANG_WARN_COMMA = YES;
				CLANG_WARN_CONSTANT_CONVERSION = YES;
				CLANG_WARN_DEPRECATED_OBJC_IMPLEMENTATIONS = YES;
				CLANG_WARN_DIRECT_OBJC_ISA_USAGE = YES_ERROR;
				CLANG_WARN_DOCUMENTATION_COMMENTS = YES;
				CLANG_WARN_EMPTY_BODY = YES;
				CLANG_WARN_ENUM_CONVERSION = YES;
				CLANG_WARN_INFINITE_RECURSION = YES;
				CLANG_WARN_INT_CONVERSION = YES;
				CLANG_WARN_NON_LITERAL_NULL_CONVERSION = YES;
				CLANG_WARN_OBJC_IMPLICIT_RETAIN_SELF = YES;
				CLANG_WARN_OBJC_LITERAL_CONVERSION = YES;
				CLANG_WARN_OBJC_ROOT_CLASS = YES_ERROR;
				CLANG_WARN_QUOTED_INCLUDE_IN_FRAMEWORK_HEADER = YES;
				CLANG_WARN_RANGE_LOOP_ANALYSIS = YES;
				CLANG_WARN_STRICT_PROTOTYPES = YES;
				CLANG_WARN_SUSPICIOUS_MOVE = YES;
				CLANG_WARN_UNGUARDED_AVAILABILITY = YES_AGGRESSIVE;
				CLANG_WARN_UNREACHABLE_CODE = YES;
				CLANG_WARN__DUPLICATE_METHOD_MATCH = YES;
				COPY_PHASE_STRIP = NO;
				DEBUG_INFORMATION_FORMAT = dwarf;
				ENABLE_STRICT_OBJC_MSGSEND = YES;
				ENABLE_TESTABILITY = YES;
				ENABLE_USER_SCRIPT_SANDBOXING = YES;
				GCC_C_LANGUAGE_STANDARD = gnu17;
				GCC_DYNAMIC_NO_PIC = NO;
				GCC_NO_COMMON_BLOCKS = YES;
				GCC_OPTIMIZATION_LEVEL = 0;
				GCC_PREPROCESSOR_DEFINITIONS = (
					"DEBUG=1",
					"$(inherited)",
				);
				GCC_WARN_64_TO_32_BIT_CONVERSION = YES;
				GCC_WARN_ABOUT_RETURN_TYPE = YES_ERROR;
				GCC_WARN_UNDECLARED_SELECTOR = YES;
				GCC_WARN_UNINITIALIZED_AUTOS = YES_AGGRESSIVE;
				GCC_WARN_UNUSED_FUNCTION = YES;
				GCC_WARN_UNUSED_VARIABLE = YES;
				IPHONEOS_DEPLOYMENT_TARGET = 17.0;
				LOCALIZATION_PREFERS_STRING_CATALOGS = YES;
				MTL_ENABLE_DEBUG_INFO = INCLUDE_SOURCE;
				MTL_FAST_MATH = YES;
				ONLY_ACTIVE_ARCH = YES;
				SDKROOT = iphoneos;
				SWIFT_ACTIVE_COMPILATION_CONDITIONS = "DEBUG $(inherited)";
				SWIFT_OPTIMIZATION_LEVEL = "-Onone";
			};
			name = Debug;
		};
		BA02C6F62B13312600E11F43 /* Release */ = {
			isa = XCBuildConfiguration;
			buildSettings = {
				ALWAYS_SEARCH_USER_PATHS = NO;
				ASSETCATALOG_COMPILER_GENERATE_SWIFT_ASSET_SYMBOL_EXTENSIONS = YES;
				CLANG_ANALYZER_NONNULL = YES;
				CLANG_ANALYZER_NUMBER_OBJECT_CONVERSION = YES_AGGRESSIVE;
				CLANG_CXX_LANGUAGE_STANDARD = "gnu++20";
				CLANG_ENABLE_MODULES = YES;
				CLANG_ENABLE_OBJC_ARC = YES;
				CLANG_ENABLE_OBJC_WEAK = YES;
				CLANG_WARN_BLOCK_CAPTURE_AUTORELEASING = YES;
				CLANG_WARN_BOOL_CONVERSION = YES;
				CLANG_WARN_COMMA = YES;
				CLANG_WARN_CONSTANT_CONVERSION = YES;
				CLANG_WARN_DEPRECATED_OBJC_IMPLEMENTATIONS = YES;
				CLANG_WARN_DIRECT_OBJC_ISA_USAGE = YES_ERROR;
				CLANG_WARN_DOCUMENTATION_COMMENTS = YES;
				CLANG_WARN_EMPTY_BODY = YES;
				CLANG_WARN_ENUM_CONVERSION = YES;
				CLANG_WARN_INFINITE_RECURSION = YES;
				CLANG_WARN_INT_CONVERSION = YES;
				CLANG_WARN_NON_LITERAL_NULL_CONVERSION = YES;
				CLANG_WARN_OBJC_IMPLICIT_RETAIN_SELF = YES;
				CLANG_WARN_OBJC_LITERAL_CONVERSION = YES;
				CLANG_WARN_OBJC_ROOT_CLASS = YES_ERROR;
				CLANG_WARN_QUOTED_INCLUDE_IN_FRAMEWORK_HEADER = YES;
				CLANG_WARN_RANGE_LOOP_ANALYSIS = YES;
				CLANG_WARN_STRICT_PROTOTYPES = YES;
				CLANG_WARN_SUSPICIOUS_MOVE = YES;
				CLANG_WARN_UNGUARDED_AVAILABILITY = YES_AGGRESSIVE;
				CLANG_WARN_UNREACHABLE_CODE = YES;
				CLANG_WARN__DUPLICATE_METHOD_MATCH = YES;
				COPY_PHASE_STRIP = NO;
				DEBUG_INFORMATION_FORMAT = "dwarf-with-dsym";
				ENABLE_NS_ASSERTIONS = NO;
				ENABLE_STRICT_OBJC_MSGSEND = YES;
				ENABLE_USER_SCRIPT_SANDBOXING = YES;
				GCC_C_LANGUAGE_STANDARD = gnu17;
				GCC_NO_COMMON_BLOCKS = YES;
				GCC_WARN_64_TO_32_BIT_CONVERSION = YES;
				GCC_WARN_ABOUT_RETURN_TYPE = YES_ERROR;
				GCC_WARN_UNDECLARED_SELECTOR = YES;
				GCC_WARN_UNINITIALIZED_AUTOS = YES_AGGRESSIVE;
				GCC_WARN_UNUSED_FUNCTION = YES;
				GCC_WARN_UNUSED_VARIABLE = YES;
				IPHONEOS_DEPLOYMENT_TARGET = 17.0;
				LOCALIZATION_PREFERS_STRING_CATALOGS = YES;
				MTL_ENABLE_DEBUG_INFO = NO;
				MTL_FAST_MATH = YES;
				SDKROOT = iphoneos;
				SWIFT_COMPILATION_MODE = wholemodule;
				VALIDATE_PRODUCT = YES;
			};
			name = Release;
		};
		BA02C6F82B13312600E11F43 /* Debug */ = {
			isa = XCBuildConfiguration;
			buildSettings = {
				ASSETCATALOG_COMPILER_APPICON_NAME = AppIcon;
				ASSETCATALOG_COMPILER_GLOBAL_ACCENT_COLOR_NAME = AccentColor;
				CODE_SIGN_STYLE = Automatic;
				CURRENT_PROJECT_VERSION = 1;
				DEVELOPMENT_TEAM = B7BMA2TAJK;
				GENERATE_INFOPLIST_FILE = YES;
				INFOPLIST_FILE = GHFollowers/Info.plist;
				INFOPLIST_KEY_UIApplicationSupportsIndirectInputEvents = YES;
				INFOPLIST_KEY_UILaunchStoryboardName = LaunchScreen;
				INFOPLIST_KEY_UISupportedInterfaceOrientations = UIInterfaceOrientationPortrait;
				LD_RUNPATH_SEARCH_PATHS = (
					"$(inherited)",
					"@executable_path/Frameworks",
				);
				MARKETING_VERSION = 1.0;
				PRODUCT_BUNDLE_IDENTIFIER = com.onurcansever.GHFollowers;
				PRODUCT_NAME = "$(TARGET_NAME)";
				SWIFT_EMIT_LOC_STRINGS = YES;
				SWIFT_VERSION = 5.0;
				TARGETED_DEVICE_FAMILY = "1,2";
			};
			name = Debug;
		};
		BA02C6F92B13312600E11F43 /* Release */ = {
			isa = XCBuildConfiguration;
			buildSettings = {
				ASSETCATALOG_COMPILER_APPICON_NAME = AppIcon;
				ASSETCATALOG_COMPILER_GLOBAL_ACCENT_COLOR_NAME = AccentColor;
				CODE_SIGN_STYLE = Automatic;
				CURRENT_PROJECT_VERSION = 1;
				DEVELOPMENT_TEAM = B7BMA2TAJK;
				GENERATE_INFOPLIST_FILE = YES;
				INFOPLIST_FILE = GHFollowers/Info.plist;
				INFOPLIST_KEY_UIApplicationSupportsIndirectInputEvents = YES;
				INFOPLIST_KEY_UILaunchStoryboardName = LaunchScreen;
				INFOPLIST_KEY_UISupportedInterfaceOrientations = UIInterfaceOrientationPortrait;
				LD_RUNPATH_SEARCH_PATHS = (
					"$(inherited)",
					"@executable_path/Frameworks",
				);
				MARKETING_VERSION = 1.0;
				PRODUCT_BUNDLE_IDENTIFIER = com.onurcansever.GHFollowers;
				PRODUCT_NAME = "$(TARGET_NAME)";
				SWIFT_EMIT_LOC_STRINGS = YES;
				SWIFT_VERSION = 5.0;
				TARGETED_DEVICE_FAMILY = "1,2";
			};
			name = Release;
		};
/* End XCBuildConfiguration section */

/* Begin XCConfigurationList section */
		BA02C6DE2B13312500E11F43 /* Build configuration list for PBXProject "GHFollowers" */ = {
			isa = XCConfigurationList;
			buildConfigurations = (
				BA02C6F52B13312600E11F43 /* Debug */,
				BA02C6F62B13312600E11F43 /* Release */,
			);
			defaultConfigurationIsVisible = 0;
			defaultConfigurationName = Release;
		};
		BA02C6F72B13312600E11F43 /* Build configuration list for PBXNativeTarget "GHFollowers" */ = {
			isa = XCConfigurationList;
			buildConfigurations = (
				BA02C6F82B13312600E11F43 /* Debug */,
				BA02C6F92B13312600E11F43 /* Release */,
			);
			defaultConfigurationIsVisible = 0;
			defaultConfigurationName = Release;
		};
/* End XCConfigurationList section */
	};
	rootObject = BA02C6DB2B13312500E11F43 /* Project object */;
}
